
Microsoft Visual Studio Solution File, Format Version 12.00
# Visual Studio Version 16
VisualStudioVersion = 16.0.31613.86
MinimumVisualStudioVersion = 10.0.40219.1
Project("{9A19103F-16F7-4668-BE54-9A1E7A4F7556}") = "AlgorithmsSearchingInOneArray", "AlgorithmsSearchingInOneArray\AlgorithmsSearchingInOneArray.csproj", "{0FF7DDF7-9DB3-411A-BEC3-A027A8D2378C}"
EndProject
Project("{FAE04EC0-301F-11D3-BF4B-00C04F79EFBC}") = "AlgorithmsTests", "AlgorithmsTests\AlgorithmsTests.csproj", "{57BFC755-143B-4926-A56D-32901533B121}"
EndProject
Global
	GlobalSection(SolutionConfigurationPlatforms) = preSolution
		Debug|Any CPU = Debug|Any CPU
		Release|Any CPU = Release|Any CPU
	EndGlobalSection
	GlobalSection(ProjectConfigurationPlatforms) = postSolution
		{0FF7DDF7-9DB3-411A-BEC3-A027A8D2378C}.Debug|Any CPU.ActiveCfg = Debug|Any CPU
		{0FF7DDF7-9DB3-411A-BEC3-A027A8D2378C}.Debug|Any CPU.Build.0 = Debug|Any CPU
		{0FF7DDF7-9DB3-411A-BEC3-A027A8D2378C}.Release|Any CPU.ActiveCfg = Release|Any CPU
		{0FF7DDF7-9DB3-411A-BEC3-A027A8D2378C}.Release|Any CPU.Build.0 = Release|Any CPU
		{57BFC755-143B-4926-A56D-32901533B121}.Debug|Any CPU.ActiveCfg = Debug|Any CPU
		{57BFC755-143B-4926-A56D-32901533B121}.Debug|Any CPU.Build.0 = Debug|Any CPU
		{57BFC755-143B-4926-A56D-32901533B121}.Release|Any CPU.ActiveCfg = Release|Any CPU
		{57BFC755-143B-4926-A56D-32901533B121}.Release|Any CPU.Build.0 = Release|Any CPU
	EndGlobalSection
	GlobalSection(SolutionProperties) = preSolution
		HideSolutionNode = FALSE
	EndGlobalSection
	GlobalSection(ExtensibilityGlobals) = postSolution
		SolutionGuid = {4649AB90-88A7-4C18-BA2D-17022601E1F8}
	EndGlobalSection
EndGlobal
